
Microsoft Visual Studio Solution File, Format Version 12.00
# Visual Studio 15
VisualStudioVersion = 15.0.28307.902
MinimumVisualStudioVersion = 10.0.40219.1
Project("{2150E333-8FDC-42A3-9474-1A3956D46DE8}") = "HmCommon", "HmCommon", "{3736D99B-74C3-4754-A754-7DA4AD44D559}"
EndProject
Project("{FAE04EC0-301F-11D3-BF4B-00C04F79EFBC}") = "HmGeometry", "..\..\..\Common\HmGeometry\V1\HmGeometry.csproj", "{684E4032-1B79-4310-9E01-7809224749F6}"
EndProject
Project("{FAE04EC0-301F-11D3-BF4B-00C04F79EFBC}") = "HmDataDocument", "..\..\..\Common\HmDataDocument\HmDataDocument.csproj", "{A71EB905-AAAE-44F4-B2D0-392030FCACB6}"
EndProject
Project("{FAE04EC0-301F-11D3-BF4B-00C04F79EFBC}") = "HmBoringDraw", "..\..\..\Common\SkyLandHuman\HmBoringDraw\HmBoringDraw.csproj", "{305347AF-6584-4FCE-88E4-03B366C84675}"
EndProject
Project("{FAE04EC0-301F-11D3-BF4B-00C04F79EFBC}") = "GaiaDB", "GaiaDB\GaiaDB.csproj", "{BC038EC6-1F31-4952-9E07-0F7C45E8FE73}"
EndProject
Project("{FAE04EC0-301F-11D3-BF4B-00C04F79EFBC}") = "HmDataFramework", "..\..\..\Common\HmDataFramework\HmDataFramework.csproj", "{344E8F31-AD95-43A1-A662-664418AAFE05}"
EndProject
Project("{FAE04EC0-301F-11D3-BF4B-00C04F79EFBC}") = "GAIA2020", "GAIA2020\GAIA2020.csproj", "{8CF1A752-2D18-4CA3-8DA4-08B7DBCC8EF8}"
EndProject
Project("{FAE04EC0-301F-11D3-BF4B-00C04F79EFBC}") = "HMFrameWork", "..\GIBeta\HMFrameWork\HMFrameWork.csproj", "{7943E9D1-D304-4EF4-B421-A951D96399D4}"
EndProject
Project("{FAE04EC0-301F-11D3-BF4B-00C04F79EFBC}") = "HmDraw", "..\..\..\Common\HmDraw\HmDraw\HmDraw.csproj", "{5BE74820-4030-459E-A5EB-E0575E3D4102}"
EndProject
Project("{FAE04EC0-301F-11D3-BF4B-00C04F79EFBC}") = "HmDraw.View.Wpf", "..\..\..\Common\HmDraw\HmDraw.View.Wpf\HmDraw.View.Wpf.csproj", "{DB34A64F-E6EC-44C2-B727-08857691B693}"
EndProject
Project("{FAE04EC0-301F-11D3-BF4B-00C04F79EFBC}") = "HmDraw.HmDocument", "..\..\..\Common\HmDraw\HmDraw.HmDocument\HmDraw.HmDocument.csproj", "{4FD9FDBC-F7EA-4B38-959A-6692F10AB6DB}"
EndProject
Project("{FAE04EC0-301F-11D3-BF4B-00C04F79EFBC}") = "LogStyle", "LogStyle\LogStyle.csproj", "{4BEDF607-380B-4248-BF25-76D35EB41718}"
EndProject
Project("{FAE04EC0-301F-11D3-BF4B-00C04F79EFBC}") = "HmDraw.IService", "..\..\..\Common\HmDraw\HmDraw.IService\HmDraw.IService.csproj", "{39505031-4B56-4010-82EC-2F1495333480}"
EndProject
Project("{2150E333-8FDC-42A3-9474-1A3956D46DE8}") = "HanmacLib", "HanmacLib", "{EB435A9E-1628-4B60-B810-BB5FD39C8327}"
EndProject
Project("{FAE04EC0-301F-11D3-BF4B-00C04F79EFBC}") = "HMViewHmDraw", "..\Lib\HanmacLib\HMViewHmDraw\HMViewHmDraw.csproj", "{1E47E0F7-AD4A-496E-B1BB-23AF84D368FA}"
EndProject
Project("{FAE04EC0-301F-11D3-BF4B-00C04F79EFBC}") = "HmViewWpf", "..\..\..\Common\SkyLandHuman\HmViewWpf\HmViewWpf.csproj", "{BC78A8D3-AAFE-4C38-B951-726A0EF50FD2}"
EndProject
Project("{FAE04EC0-301F-11D3-BF4B-00C04F79EFBC}") = "HmRoadGeometry", "..\..\..\Common\HmRoadGeometry\HmRoadGeometry.csproj", "{713B26F3-046F-4F97-9622-10CA8BBDBC7E}"
EndProject
Project("{FAE04EC0-301F-11D3-BF4B-00C04F79EFBC}") = "HmTileMap", "..\..\..\Common\SkyLandHuman\HmTileMap\HmTileMap.csproj", "{0FFAD0A3-0EAB-41B3-B85A-E10BD92976FF}"
EndProject
Project("{FAE04EC0-301F-11D3-BF4B-00C04F79EFBC}") = "HmEG", "..\..\..\Common\HmDraw\HmEG\HmEG\HmEG.csproj", "{39740654-F5F1-4936-B4EA-9BC97D4CDE37}"
EndProject
Project("{FAE04EC0-301F-11D3-BF4B-00C04F79EFBC}") = "HmDraw2.5D", "..\..\..\Common\HmDraw\HmDraw2.5D\HmDraw2.5D.csproj", "{71133256-6AFD-463D-B144-B1EEBD9410A2}"
EndProject
Global
	GlobalSection(SolutionConfigurationPlatforms) = preSolution
		Debug|Any CPU = Debug|Any CPU
		Debug|x64 = Debug|x64
		Debug|x86 = Debug|x86
		Release|Any CPU = Release|Any CPU
		Release|x64 = Release|x64
		Release|x86 = Release|x86
	EndGlobalSection
	GlobalSection(ProjectConfigurationPlatforms) = postSolution
		{684E4032-1B79-4310-9E01-7809224749F6}.Debug|Any CPU.ActiveCfg = Debug|Any CPU
		{684E4032-1B79-4310-9E01-7809224749F6}.Debug|Any CPU.Build.0 = Debug|Any CPU
		{684E4032-1B79-4310-9E01-7809224749F6}.Debug|x64.ActiveCfg = Debug|x64
		{684E4032-1B79-4310-9E01-7809224749F6}.Debug|x64.Build.0 = Debug|x64
		{684E4032-1B79-4310-9E01-7809224749F6}.Debug|x86.ActiveCfg = Debug|Any CPU
		{684E4032-1B79-4310-9E01-7809224749F6}.Debug|x86.Build.0 = Debug|Any CPU
		{684E4032-1B79-4310-9E01-7809224749F6}.Release|Any CPU.ActiveCfg = Release|Any CPU
		{684E4032-1B79-4310-9E01-7809224749F6}.Release|Any CPU.Build.0 = Release|Any CPU
		{684E4032-1B79-4310-9E01-7809224749F6}.Release|x64.ActiveCfg = Release|x64
		{684E4032-1B79-4310-9E01-7809224749F6}.Release|x64.Build.0 = Release|x64
		{684E4032-1B79-4310-9E01-7809224749F6}.Release|x86.ActiveCfg = Release|Any CPU
		{684E4032-1B79-4310-9E01-7809224749F6}.Release|x86.Build.0 = Release|Any CPU
		{A71EB905-AAAE-44F4-B2D0-392030FCACB6}.Debug|Any CPU.ActiveCfg = Debug|Any CPU
		{A71EB905-AAAE-44F4-B2D0-392030FCACB6}.Debug|Any CPU.Build.0 = Debug|Any CPU
		{A71EB905-AAAE-44F4-B2D0-392030FCACB6}.Debug|x64.ActiveCfg = Debug|Any CPU
		{A71EB905-AAAE-44F4-B2D0-392030FCACB6}.Debug|x64.Build.0 = Debug|Any CPU
		{A71EB905-AAAE-44F4-B2D0-392030FCACB6}.Debug|x86.ActiveCfg = Debug|Any CPU
		{A71EB905-AAAE-44F4-B2D0-392030FCACB6}.Debug|x86.Build.0 = Debug|Any CPU
		{A71EB905-AAAE-44F4-B2D0-392030FCACB6}.Release|Any CPU.ActiveCfg = Release|Any CPU
		{A71EB905-AAAE-44F4-B2D0-392030FCACB6}.Release|Any CPU.Build.0 = Release|Any CPU
		{A71EB905-AAAE-44F4-B2D0-392030FCACB6}.Release|x64.ActiveCfg = Release|Any CPU
		{A71EB905-AAAE-44F4-B2D0-392030FCACB6}.Release|x64.Build.0 = Release|Any CPU
		{A71EB905-AAAE-44F4-B2D0-392030FCACB6}.Release|x86.ActiveCfg = Release|Any CPU
		{A71EB905-AAAE-44F4-B2D0-392030FCACB6}.Release|x86.Build.0 = Release|Any CPU
		{305347AF-6584-4FCE-88E4-03B366C84675}.Debug|Any CPU.ActiveCfg = Debug|Any CPU
		{305347AF-6584-4FCE-88E4-03B366C84675}.Debug|Any CPU.Build.0 = Debug|Any CPU
		{305347AF-6584-4FCE-88E4-03B366C84675}.Debug|x64.ActiveCfg = Debug|Any CPU
		{305347AF-6584-4FCE-88E4-03B366C84675}.Debug|x64.Build.0 = Debug|Any CPU
		{305347AF-6584-4FCE-88E4-03B366C84675}.Debug|x86.ActiveCfg = Debug|Any CPU
		{305347AF-6584-4FCE-88E4-03B366C84675}.Debug|x86.Build.0 = Debug|Any CPU
		{305347AF-6584-4FCE-88E4-03B366C84675}.Release|Any CPU.ActiveCfg = Release|Any CPU
		{305347AF-6584-4FCE-88E4-03B366C84675}.Release|Any CPU.Build.0 = Release|Any CPU
		{305347AF-6584-4FCE-88E4-03B366C84675}.Release|x64.ActiveCfg = Release|Any CPU
		{305347AF-6584-4FCE-88E4-03B366C84675}.Release|x64.Build.0 = Release|Any CPU
		{305347AF-6584-4FCE-88E4-03B366C84675}.Release|x86.ActiveCfg = Release|Any CPU
		{305347AF-6584-4FCE-88E4-03B366C84675}.Release|x86.Build.0 = Release|Any CPU
		{BC038EC6-1F31-4952-9E07-0F7C45E8FE73}.Debug|Any CPU.ActiveCfg = Debug|Any CPU
		{BC038EC6-1F31-4952-9E07-0F7C45E8FE73}.Debug|Any CPU.Build.0 = Debug|Any CPU
		{BC038EC6-1F31-4952-9E07-0F7C45E8FE73}.Debug|x64.ActiveCfg = Debug|x64
		{BC038EC6-1F31-4952-9E07-0F7C45E8FE73}.Debug|x64.Build.0 = Debug|x64
		{BC038EC6-1F31-4952-9E07-0F7C45E8FE73}.Debug|x86.ActiveCfg = Debug|Any CPU
		{BC038EC6-1F31-4952-9E07-0F7C45E8FE73}.Debug|x86.Build.0 = Debug|Any CPU
		{BC038EC6-1F31-4952-9E07-0F7C45E8FE73}.Release|Any CPU.ActiveCfg = Release|Any CPU
		{BC038EC6-1F31-4952-9E07-0F7C45E8FE73}.Release|Any CPU.Build.0 = Release|Any CPU
		{BC038EC6-1F31-4952-9E07-0F7C45E8FE73}.Release|x64.ActiveCfg = Release|x64
		{BC038EC6-1F31-4952-9E07-0F7C45E8FE73}.Release|x64.Build.0 = Release|x64
		{BC038EC6-1F31-4952-9E07-0F7C45E8FE73}.Release|x86.ActiveCfg = Release|Any CPU
		{BC038EC6-1F31-4952-9E07-0F7C45E8FE73}.Release|x86.Build.0 = Release|Any CPU
		{344E8F31-AD95-43A1-A662-664418AAFE05}.Debug|Any CPU.ActiveCfg = Debug|Any CPU
		{344E8F31-AD95-43A1-A662-664418AAFE05}.Debug|Any CPU.Build.0 = Debug|Any CPU
		{344E8F31-AD95-43A1-A662-664418AAFE05}.Debug|x64.ActiveCfg = Debug|Any CPU
		{344E8F31-AD95-43A1-A662-664418AAFE05}.Debug|x64.Build.0 = Debug|Any CPU
		{344E8F31-AD95-43A1-A662-664418AAFE05}.Debug|x86.ActiveCfg = Debug|Any CPU
		{344E8F31-AD95-43A1-A662-664418AAFE05}.Debug|x86.Build.0 = Debug|Any CPU
		{344E8F31-AD95-43A1-A662-664418AAFE05}.Release|Any CPU.ActiveCfg = Release|Any CPU
		{344E8F31-AD95-43A1-A662-664418AAFE05}.Release|Any CPU.Build.0 = Release|Any CPU
		{344E8F31-AD95-43A1-A662-664418AAFE05}.Release|x64.ActiveCfg = Release|Any CPU
		{344E8F31-AD95-43A1-A662-664418AAFE05}.Release|x64.Build.0 = Release|Any CPU
		{344E8F31-AD95-43A1-A662-664418AAFE05}.Release|x86.ActiveCfg = Release|Any CPU
		{344E8F31-AD95-43A1-A662-664418AAFE05}.Release|x86.Build.0 = Release|Any CPU
		{8CF1A752-2D18-4CA3-8DA4-08B7DBCC8EF8}.Debug|Any CPU.ActiveCfg = Debug|x64
		{8CF1A752-2D18-4CA3-8DA4-08B7DBCC8EF8}.Debug|Any CPU.Build.0 = Debug|x64
		{8CF1A752-2D18-4CA3-8DA4-08B7DBCC8EF8}.Debug|x64.ActiveCfg = Debug|x64
		{8CF1A752-2D18-4CA3-8DA4-08B7DBCC8EF8}.Debug|x64.Build.0 = Debug|x64
		{8CF1A752-2D18-4CA3-8DA4-08B7DBCC8EF8}.Debug|x86.ActiveCfg = Debug|Any CPU
		{8CF1A752-2D18-4CA3-8DA4-08B7DBCC8EF8}.Debug|x86.Build.0 = Debug|Any CPU
		{8CF1A752-2D18-4CA3-8DA4-08B7DBCC8EF8}.Release|Any CPU.ActiveCfg = Release|Any CPU
		{8CF1A752-2D18-4CA3-8DA4-08B7DBCC8EF8}.Release|Any CPU.Build.0 = Release|Any CPU
		{8CF1A752-2D18-4CA3-8DA4-08B7DBCC8EF8}.Release|x64.ActiveCfg = Release|x64
		{8CF1A752-2D18-4CA3-8DA4-08B7DBCC8EF8}.Release|x64.Build.0 = Release|x64
		{8CF1A752-2D18-4CA3-8DA4-08B7DBCC8EF8}.Release|x86.ActiveCfg = Release|Any CPU
		{8CF1A752-2D18-4CA3-8DA4-08B7DBCC8EF8}.Release|x86.Build.0 = Release|Any CPU
		{7943E9D1-D304-4EF4-B421-A951D96399D4}.Debug|Any CPU.ActiveCfg = Debug|Any CPU
		{7943E9D1-D304-4EF4-B421-A951D96399D4}.Debug|Any CPU.Build.0 = Debug|Any CPU
		{7943E9D1-D304-4EF4-B421-A951D96399D4}.Debug|x64.ActiveCfg = Debug|Any CPU
		{7943E9D1-D304-4EF4-B421-A951D96399D4}.Debug|x64.Build.0 = Debug|Any CPU
		{7943E9D1-D304-4EF4-B421-A951D96399D4}.Debug|x86.ActiveCfg = Debug|Any CPU
		{7943E9D1-D304-4EF4-B421-A951D96399D4}.Debug|x86.Build.0 = Debug|Any CPU
		{7943E9D1-D304-4EF4-B421-A951D96399D4}.Release|Any CPU.ActiveCfg = Release|Any CPU
		{7943E9D1-D304-4EF4-B421-A951D96399D4}.Release|Any CPU.Build.0 = Release|Any CPU
		{7943E9D1-D304-4EF4-B421-A951D96399D4}.Release|x64.ActiveCfg = Release|Any CPU
		{7943E9D1-D304-4EF4-B421-A951D96399D4}.Release|x64.Build.0 = Release|Any CPU
		{7943E9D1-D304-4EF4-B421-A951D96399D4}.Release|x86.ActiveCfg = Release|Any CPU
		{7943E9D1-D304-4EF4-B421-A951D96399D4}.Release|x86.Build.0 = Release|Any CPU
		{5BE74820-4030-459E-A5EB-E0575E3D4102}.Debug|Any CPU.ActiveCfg = Debug|Any CPU
		{5BE74820-4030-459E-A5EB-E0575E3D4102}.Debug|Any CPU.Build.0 = Debug|Any CPU
		{5BE74820-4030-459E-A5EB-E0575E3D4102}.Debug|x64.ActiveCfg = Debug|x64
		{5BE74820-4030-459E-A5EB-E0575E3D4102}.Debug|x64.Build.0 = Debug|x64
		{5BE74820-4030-459E-A5EB-E0575E3D4102}.Debug|x86.ActiveCfg = Debug|Any CPU
		{5BE74820-4030-459E-A5EB-E0575E3D4102}.Debug|x86.Build.0 = Debug|Any CPU
		{5BE74820-4030-459E-A5EB-E0575E3D4102}.Release|Any CPU.ActiveCfg = Release|Any CPU
		{5BE74820-4030-459E-A5EB-E0575E3D4102}.Release|Any CPU.Build.0 = Release|Any CPU
		{5BE74820-4030-459E-A5EB-E0575E3D4102}.Release|x64.ActiveCfg = Release|x64
		{5BE74820-4030-459E-A5EB-E0575E3D4102}.Release|x64.Build.0 = Release|x64
		{5BE74820-4030-459E-A5EB-E0575E3D4102}.Release|x86.ActiveCfg = Release|Any CPU
		{5BE74820-4030-459E-A5EB-E0575E3D4102}.Release|x86.Build.0 = Release|Any CPU
		{DB34A64F-E6EC-44C2-B727-08857691B693}.Debug|Any CPU.ActiveCfg = Debug|Any CPU
		{DB34A64F-E6EC-44C2-B727-08857691B693}.Debug|Any CPU.Build.0 = Debug|Any CPU
		{DB34A64F-E6EC-44C2-B727-08857691B693}.Debug|x64.ActiveCfg = Debug|Any CPU
		{DB34A64F-E6EC-44C2-B727-08857691B693}.Debug|x64.Build.0 = Debug|Any CPU
		{DB34A64F-E6EC-44C2-B727-08857691B693}.Debug|x86.ActiveCfg = Debug|Any CPU
		{DB34A64F-E6EC-44C2-B727-08857691B693}.Debug|x86.Build.0 = Debug|Any CPU
		{DB34A64F-E6EC-44C2-B727-08857691B693}.Release|Any CPU.ActiveCfg = Release|Any CPU
		{DB34A64F-E6EC-44C2-B727-08857691B693}.Release|Any CPU.Build.0 = Release|Any CPU
		{DB34A64F-E6EC-44C2-B727-08857691B693}.Release|x64.ActiveCfg = Release|Any CPU
		{DB34A64F-E6EC-44C2-B727-08857691B693}.Release|x64.Build.0 = Release|Any CPU
		{DB34A64F-E6EC-44C2-B727-08857691B693}.Release|x86.ActiveCfg = Release|Any CPU
		{DB34A64F-E6EC-44C2-B727-08857691B693}.Release|x86.Build.0 = Release|Any CPU
		{4FD9FDBC-F7EA-4B38-959A-6692F10AB6DB}.Debug|Any CPU.ActiveCfg = Debug|Any CPU
		{4FD9FDBC-F7EA-4B38-959A-6692F10AB6DB}.Debug|Any CPU.Build.0 = Debug|Any CPU
		{4FD9FDBC-F7EA-4B38-959A-6692F10AB6DB}.Debug|x64.ActiveCfg = Debug|Any CPU
		{4FD9FDBC-F7EA-4B38-959A-6692F10AB6DB}.Debug|x64.Build.0 = Debug|Any CPU
		{4FD9FDBC-F7EA-4B38-959A-6692F10AB6DB}.Debug|x86.ActiveCfg = Debug|Any CPU
		{4FD9FDBC-F7EA-4B38-959A-6692F10AB6DB}.Debug|x86.Build.0 = Debug|Any CPU
		{4FD9FDBC-F7EA-4B38-959A-6692F10AB6DB}.Release|Any CPU.ActiveCfg = Release|Any CPU
		{4FD9FDBC-F7EA-4B38-959A-6692F10AB6DB}.Release|Any CPU.Build.0 = Release|Any CPU
		{4FD9FDBC-F7EA-4B38-959A-6692F10AB6DB}.Release|x64.ActiveCfg = Release|Any CPU
		{4FD9FDBC-F7EA-4B38-959A-6692F10AB6DB}.Release|x64.Build.0 = Release|Any CPU
		{4FD9FDBC-F7EA-4B38-959A-6692F10AB6DB}.Release|x86.ActiveCfg = Release|Any CPU
		{4FD9FDBC-F7EA-4B38-959A-6692F10AB6DB}.Release|x86.Build.0 = Release|Any CPU
		{4BEDF607-380B-4248-BF25-76D35EB41718}.Debug|Any CPU.ActiveCfg = Debug|Any CPU
		{4BEDF607-380B-4248-BF25-76D35EB41718}.Debug|Any CPU.Build.0 = Debug|Any CPU
		{4BEDF607-380B-4248-BF25-76D35EB41718}.Debug|x64.ActiveCfg = Debug|Any CPU
		{4BEDF607-380B-4248-BF25-76D35EB41718}.Debug|x64.Build.0 = Debug|Any CPU
		{4BEDF607-380B-4248-BF25-76D35EB41718}.Debug|x86.ActiveCfg = Debug|Any CPU
		{4BEDF607-380B-4248-BF25-76D35EB41718}.Debug|x86.Build.0 = Debug|Any CPU
		{4BEDF607-380B-4248-BF25-76D35EB41718}.Release|Any CPU.ActiveCfg = Release|Any CPU
		{4BEDF607-380B-4248-BF25-76D35EB41718}.Release|Any CPU.Build.0 = Release|Any CPU
		{4BEDF607-380B-4248-BF25-76D35EB41718}.Release|x64.ActiveCfg = Release|Any CPU
		{4BEDF607-380B-4248-BF25-76D35EB41718}.Release|x64.Build.0 = Release|Any CPU
		{4BEDF607-380B-4248-BF25-76D35EB41718}.Release|x86.ActiveCfg = Release|Any CPU
		{4BEDF607-380B-4248-BF25-76D35EB41718}.Release|x86.Build.0 = Release|Any CPU
		{39505031-4B56-4010-82EC-2F1495333480}.Debug|Any CPU.ActiveCfg = Debug|Any CPU
		{39505031-4B56-4010-82EC-2F1495333480}.Debug|Any CPU.Build.0 = Debug|Any CPU
		{39505031-4B56-4010-82EC-2F1495333480}.Debug|x64.ActiveCfg = Debug|Any CPU
		{39505031-4B56-4010-82EC-2F1495333480}.Debug|x64.Build.0 = Debug|Any CPU
		{39505031-4B56-4010-82EC-2F1495333480}.Debug|x86.ActiveCfg = Debug|Any CPU
		{39505031-4B56-4010-82EC-2F1495333480}.Debug|x86.Build.0 = Debug|Any CPU
		{39505031-4B56-4010-82EC-2F1495333480}.Release|Any CPU.ActiveCfg = Release|Any CPU
		{39505031-4B56-4010-82EC-2F1495333480}.Release|Any CPU.Build.0 = Release|Any CPU
		{39505031-4B56-4010-82EC-2F1495333480}.Release|x64.ActiveCfg = Release|Any CPU
		{39505031-4B56-4010-82EC-2F1495333480}.Release|x64.Build.0 = Release|Any CPU
		{39505031-4B56-4010-82EC-2F1495333480}.Release|x86.ActiveCfg = Release|Any CPU
		{39505031-4B56-4010-82EC-2F1495333480}.Release|x86.Build.0 = Release|Any CPU
		{1E47E0F7-AD4A-496E-B1BB-23AF84D368FA}.Debug|Any CPU.ActiveCfg = Debug|Any CPU
		{1E47E0F7-AD4A-496E-B1BB-23AF84D368FA}.Debug|Any CPU.Build.0 = Debug|Any CPU
		{1E47E0F7-AD4A-496E-B1BB-23AF84D368FA}.Debug|x64.ActiveCfg = Debug|Any CPU
		{1E47E0F7-AD4A-496E-B1BB-23AF84D368FA}.Debug|x64.Build.0 = Debug|Any CPU
		{1E47E0F7-AD4A-496E-B1BB-23AF84D368FA}.Debug|x86.ActiveCfg = Debug|Any CPU
		{1E47E0F7-AD4A-496E-B1BB-23AF84D368FA}.Debug|x86.Build.0 = Debug|Any CPU
		{1E47E0F7-AD4A-496E-B1BB-23AF84D368FA}.Release|Any CPU.ActiveCfg = Release|Any CPU
		{1E47E0F7-AD4A-496E-B1BB-23AF84D368FA}.Release|Any CPU.Build.0 = Release|Any CPU
		{1E47E0F7-AD4A-496E-B1BB-23AF84D368FA}.Release|x64.ActiveCfg = Release|Any CPU
		{1E47E0F7-AD4A-496E-B1BB-23AF84D368FA}.Release|x64.Build.0 = Release|Any CPU
		{1E47E0F7-AD4A-496E-B1BB-23AF84D368FA}.Release|x86.ActiveCfg = Release|Any CPU
		{1E47E0F7-AD4A-496E-B1BB-23AF84D368FA}.Release|x86.Build.0 = Release|Any CPU
		{BC78A8D3-AAFE-4C38-B951-726A0EF50FD2}.Debug|Any CPU.ActiveCfg = Debug|Any CPU
		{BC78A8D3-AAFE-4C38-B951-726A0EF50FD2}.Debug|Any CPU.Build.0 = Debug|Any CPU
		{BC78A8D3-AAFE-4C38-B951-726A0EF50FD2}.Debug|x64.ActiveCfg = Debug|x64
		{BC78A8D3-AAFE-4C38-B951-726A0EF50FD2}.Debug|x64.Build.0 = Debug|x64
		{BC78A8D3-AAFE-4C38-B951-726A0EF50FD2}.Debug|x86.ActiveCfg = Debug|Any CPU
		{BC78A8D3-AAFE-4C38-B951-726A0EF50FD2}.Debug|x86.Build.0 = Debug|Any CPU
		{BC78A8D3-AAFE-4C38-B951-726A0EF50FD2}.Release|Any CPU.ActiveCfg = Release|Any CPU
		{BC78A8D3-AAFE-4C38-B951-726A0EF50FD2}.Release|Any CPU.Build.0 = Release|Any CPU
		{BC78A8D3-AAFE-4C38-B951-726A0EF50FD2}.Release|x64.ActiveCfg = Release|x64
		{BC78A8D3-AAFE-4C38-B951-726A0EF50FD2}.Release|x64.Build.0 = Release|x64
		{BC78A8D3-AAFE-4C38-B951-726A0EF50FD2}.Release|x86.ActiveCfg = Release|Any CPU
		{BC78A8D3-AAFE-4C38-B951-726A0EF50FD2}.Release|x86.Build.0 = Release|Any CPU
		{713B26F3-046F-4F97-9622-10CA8BBDBC7E}.Debug|Any CPU.ActiveCfg = Debug|Any CPU
		{713B26F3-046F-4F97-9622-10CA8BBDBC7E}.Debug|Any CPU.Build.0 = Debug|Any CPU
		{713B26F3-046F-4F97-9622-10CA8BBDBC7E}.Debug|x64.ActiveCfg = Debug|Any CPU
		{713B26F3-046F-4F97-9622-10CA8BBDBC7E}.Debug|x64.Build.0 = Debug|Any CPU
		{713B26F3-046F-4F97-9622-10CA8BBDBC7E}.Debug|x86.ActiveCfg = Debug|Any CPU
		{713B26F3-046F-4F97-9622-10CA8BBDBC7E}.Debug|x86.Build.0 = Debug|Any CPU
		{713B26F3-046F-4F97-9622-10CA8BBDBC7E}.Release|Any CPU.ActiveCfg = Release|Any CPU
		{713B26F3-046F-4F97-9622-10CA8BBDBC7E}.Release|Any CPU.Build.0 = Release|Any CPU
		{713B26F3-046F-4F97-9622-10CA8BBDBC7E}.Release|x64.ActiveCfg = Release|Any CPU
		{713B26F3-046F-4F97-9622-10CA8BBDBC7E}.Release|x64.Build.0 = Release|Any CPU
		{713B26F3-046F-4F97-9622-10CA8BBDBC7E}.Release|x86.ActiveCfg = Release|Any CPU
		{713B26F3-046F-4F97-9622-10CA8BBDBC7E}.Release|x86.Build.0 = Release|Any CPU
		{0FFAD0A3-0EAB-41B3-B85A-E10BD92976FF}.Debug|Any CPU.ActiveCfg = Debug|Any CPU
		{0FFAD0A3-0EAB-41B3-B85A-E10BD92976FF}.Debug|Any CPU.Build.0 = Debug|Any CPU
		{0FFAD0A3-0EAB-41B3-B85A-E10BD92976FF}.Debug|x64.ActiveCfg = Debug|Any CPU
		{0FFAD0A3-0EAB-41B3-B85A-E10BD92976FF}.Debug|x64.Build.0 = Debug|Any CPU
		{0FFAD0A3-0EAB-41B3-B85A-E10BD92976FF}.Debug|x86.ActiveCfg = Debug|Any CPU
		{0FFAD0A3-0EAB-41B3-B85A-E10BD92976FF}.Debug|x86.Build.0 = Debug|Any CPU
		{0FFAD0A3-0EAB-41B3-B85A-E10BD92976FF}.Release|Any CPU.ActiveCfg = Release|Any CPU
		{0FFAD0A3-0EAB-41B3-B85A-E10BD92976FF}.Release|Any CPU.Build.0 = Release|Any CPU
		{0FFAD0A3-0EAB-41B3-B85A-E10BD92976FF}.Release|x64.ActiveCfg = Release|Any CPU
		{0FFAD0A3-0EAB-41B3-B85A-E10BD92976FF}.Release|x64.Build.0 = Release|Any CPU
		{0FFAD0A3-0EAB-41B3-B85A-E10BD92976FF}.Release|x86.ActiveCfg = Release|Any CPU
		{0FFAD0A3-0EAB-41B3-B85A-E10BD92976FF}.Release|x86.Build.0 = Release|Any CPU
		{39740654-F5F1-4936-B4EA-9BC97D4CDE37}.Debug|Any CPU.ActiveCfg = Debug|Any CPU
		{39740654-F5F1-4936-B4EA-9BC97D4CDE37}.Debug|Any CPU.Build.0 = Debug|Any CPU
		{39740654-F5F1-4936-B4EA-9BC97D4CDE37}.Debug|x64.ActiveCfg = Debug|x64
		{39740654-F5F1-4936-B4EA-9BC97D4CDE37}.Debug|x64.Build.0 = Debug|x64
		{39740654-F5F1-4936-B4EA-9BC97D4CDE37}.Debug|x86.ActiveCfg = Debug|x86
		{39740654-F5F1-4936-B4EA-9BC97D4CDE37}.Debug|x86.Build.0 = Debug|x86
		{39740654-F5F1-4936-B4EA-9BC97D4CDE37}.Release|Any CPU.ActiveCfg = Release|Any CPU
		{39740654-F5F1-4936-B4EA-9BC97D4CDE37}.Release|Any CPU.Build.0 = Release|Any CPU
		{39740654-F5F1-4936-B4EA-9BC97D4CDE37}.Release|x64.ActiveCfg = Release|x64
		{39740654-F5F1-4936-B4EA-9BC97D4CDE37}.Release|x64.Build.0 = Release|x64
		{39740654-F5F1-4936-B4EA-9BC97D4CDE37}.Release|x86.ActiveCfg = Release|x86
		{39740654-F5F1-4936-B4EA-9BC97D4CDE37}.Release|x86.Build.0 = Release|x86
		{71133256-6AFD-463D-B144-B1EEBD9410A2}.Debug|Any CPU.ActiveCfg = Debug|Any CPU
		{71133256-6AFD-463D-B144-B1EEBD9410A2}.Debug|Any CPU.Build.0 = Debug|Any CPU
		{71133256-6AFD-463D-B144-B1EEBD9410A2}.Debug|x64.ActiveCfg = Debug|Any CPU
		{71133256-6AFD-463D-B144-B1EEBD9410A2}.Debug|x64.Build.0 = Debug|Any CPU
		{71133256-6AFD-463D-B144-B1EEBD9410A2}.Debug|x86.ActiveCfg = Debug|Any CPU
		{71133256-6AFD-463D-B144-B1EEBD9410A2}.Debug|x86.Build.0 = Debug|Any CPU
		{71133256-6AFD-463D-B144-B1EEBD9410A2}.Release|Any CPU.ActiveCfg = Release|Any CPU
		{71133256-6AFD-463D-B144-B1EEBD9410A2}.Release|Any CPU.Build.0 = Release|Any CPU
		{71133256-6AFD-463D-B144-B1EEBD9410A2}.Release|x64.ActiveCfg = Release|Any CPU
		{71133256-6AFD-463D-B144-B1EEBD9410A2}.Release|x64.Build.0 = Release|Any CPU
		{71133256-6AFD-463D-B144-B1EEBD9410A2}.Release|x86.ActiveCfg = Release|Any CPU
		{71133256-6AFD-463D-B144-B1EEBD9410A2}.Release|x86.Build.0 = Release|Any CPU
	EndGlobalSection
	GlobalSection(SolutionProperties) = preSolution
		HideSolutionNode = FALSE
	EndGlobalSection
	GlobalSection(NestedProjects) = preSolution
		{684E4032-1B79-4310-9E01-7809224749F6} = {3736D99B-74C3-4754-A754-7DA4AD44D559}
		{A71EB905-AAAE-44F4-B2D0-392030FCACB6} = {3736D99B-74C3-4754-A754-7DA4AD44D559}
		{305347AF-6584-4FCE-88E4-03B366C84675} = {3736D99B-74C3-4754-A754-7DA4AD44D559}
		{344E8F31-AD95-43A1-A662-664418AAFE05} = {3736D99B-74C3-4754-A754-7DA4AD44D559}
		{5BE74820-4030-459E-A5EB-E0575E3D4102} = {3736D99B-74C3-4754-A754-7DA4AD44D559}
		{DB34A64F-E6EC-44C2-B727-08857691B693} = {3736D99B-74C3-4754-A754-7DA4AD44D559}
		{4FD9FDBC-F7EA-4B38-959A-6692F10AB6DB} = {3736D99B-74C3-4754-A754-7DA4AD44D559}
		{39505031-4B56-4010-82EC-2F1495333480} = {3736D99B-74C3-4754-A754-7DA4AD44D559}
		{1E47E0F7-AD4A-496E-B1BB-23AF84D368FA} = {EB435A9E-1628-4B60-B810-BB5FD39C8327}
		{BC78A8D3-AAFE-4C38-B951-726A0EF50FD2} = {3736D99B-74C3-4754-A754-7DA4AD44D559}
		{713B26F3-046F-4F97-9622-10CA8BBDBC7E} = {3736D99B-74C3-4754-A754-7DA4AD44D559}
		{0FFAD0A3-0EAB-41B3-B85A-E10BD92976FF} = {3736D99B-74C3-4754-A754-7DA4AD44D559}
		{39740654-F5F1-4936-B4EA-9BC97D4CDE37} = {3736D99B-74C3-4754-A754-7DA4AD44D559}
		{71133256-6AFD-463D-B144-B1EEBD9410A2} = {3736D99B-74C3-4754-A754-7DA4AD44D559}
	EndGlobalSection
	GlobalSection(ExtensibilityGlobals) = postSolution
		SolutionGuid = {C39FEECE-6AEC-4F2D-B19E-5925037BE2D9}
	EndGlobalSection
EndGlobal
