
Microsoft Visual Studio Solution File, Format Version 12.00
# Visual Studio 15
VisualStudioVersion = 15.0.28307.902
MinimumVisualStudioVersion = 10.0.40219.1
Project("{FAE04EC0-301F-11D3-BF4B-00C04F79EFBC}") = "EntrySolution", "ElementarySchoolSolution\EntrySolution.csproj", "{9050639D-96A1-4039-BD7D-1FDE9DA34DA7}"
EndProject
Project("{FAE04EC0-301F-11D3-BF4B-00C04F79EFBC}") = "WpfBase", "WpfBase\WpfBase.csproj", "{C27DFD4A-71BC-454F-BEAE-FDB3AE2690C9}"
EndProject
Project("{FAE04EC0-301F-11D3-BF4B-00C04F79EFBC}") = "SampleProject", "SampleProject\SampleProject.csproj", "{EABB04A3-D25D-4F10-BB54-228F7FA4F2CB}"
EndProject
Project("{FAE04EC0-301F-11D3-BF4B-00C04F79EFBC}") = "Attendance", "Attendance\Attendance.csproj", "{94FFB225-CFCD-4524-A926-A69DB81BD58A}"
EndProject
Project("{2150E333-8FDC-42A3-9474-1A3956D46DE8}") = "Controls", "Controls", "{38324B7A-EE3E-406C-8D74-5D9A4C35FBA6}"
EndProject
Project("{FAE04EC0-301F-11D3-BF4B-00C04F79EFBC}") = "Calendar", "Calendar\Calendar.csproj", "{31C3B4A7-504B-4EFF-BACC-C8F2FFE5AF6F}"
EndProject
Project("{FAE04EC0-301F-11D3-BF4B-00C04F79EFBC}") = "Common", "Common\Common.csproj", "{AD9D11AF-6161-4481-94F7-BF8DFB7B1466}"
EndProject
Project("{FAE04EC0-301F-11D3-BF4B-00C04F79EFBC}") = "Consult", "Consult\Consult.csproj", "{553D7DA7-6603-4DDA-8433-55385D04D041}"
EndProject
Project("{FAE04EC0-301F-11D3-BF4B-00C04F79EFBC}") = "MyCalendar", "MyCalendar\MyCalendar.csproj", "{9172FF91-306F-4602-B1F3-98D13194063C}"
EndProject
Global
	GlobalSection(SolutionConfigurationPlatforms) = preSolution
		Debug|Any CPU = Debug|Any CPU
		Release|Any CPU = Release|Any CPU
	EndGlobalSection
	GlobalSection(ProjectConfigurationPlatforms) = postSolution
		{9050639D-96A1-4039-BD7D-1FDE9DA34DA7}.Debug|Any CPU.ActiveCfg = Debug|Any CPU
		{9050639D-96A1-4039-BD7D-1FDE9DA34DA7}.Debug|Any CPU.Build.0 = Debug|Any CPU
		{9050639D-96A1-4039-BD7D-1FDE9DA34DA7}.Release|Any CPU.ActiveCfg = Release|Any CPU
		{9050639D-96A1-4039-BD7D-1FDE9DA34DA7}.Release|Any CPU.Build.0 = Release|Any CPU
		{C27DFD4A-71BC-454F-BEAE-FDB3AE2690C9}.Debug|Any CPU.ActiveCfg = Debug|Any CPU
		{C27DFD4A-71BC-454F-BEAE-FDB3AE2690C9}.Debug|Any CPU.Build.0 = Debug|Any CPU
		{C27DFD4A-71BC-454F-BEAE-FDB3AE2690C9}.Release|Any CPU.ActiveCfg = Release|Any CPU
		{C27DFD4A-71BC-454F-BEAE-FDB3AE2690C9}.Release|Any CPU.Build.0 = Release|Any CPU
		{EABB04A3-D25D-4F10-BB54-228F7FA4F2CB}.Debug|Any CPU.ActiveCfg = Debug|Any CPU
		{EABB04A3-D25D-4F10-BB54-228F7FA4F2CB}.Debug|Any CPU.Build.0 = Debug|Any CPU
		{EABB04A3-D25D-4F10-BB54-228F7FA4F2CB}.Release|Any CPU.ActiveCfg = Release|Any CPU
		{EABB04A3-D25D-4F10-BB54-228F7FA4F2CB}.Release|Any CPU.Build.0 = Release|Any CPU
		{94FFB225-CFCD-4524-A926-A69DB81BD58A}.Debug|Any CPU.ActiveCfg = Debug|Any CPU
		{94FFB225-CFCD-4524-A926-A69DB81BD58A}.Debug|Any CPU.Build.0 = Debug|Any CPU
		{94FFB225-CFCD-4524-A926-A69DB81BD58A}.Release|Any CPU.ActiveCfg = Release|Any CPU
		{94FFB225-CFCD-4524-A926-A69DB81BD58A}.Release|Any CPU.Build.0 = Release|Any CPU
		{31C3B4A7-504B-4EFF-BACC-C8F2FFE5AF6F}.Debug|Any CPU.ActiveCfg = Debug|Any CPU
		{31C3B4A7-504B-4EFF-BACC-C8F2FFE5AF6F}.Debug|Any CPU.Build.0 = Debug|Any CPU
		{31C3B4A7-504B-4EFF-BACC-C8F2FFE5AF6F}.Release|Any CPU.ActiveCfg = Release|Any CPU
		{31C3B4A7-504B-4EFF-BACC-C8F2FFE5AF6F}.Release|Any CPU.Build.0 = Release|Any CPU
		{AD9D11AF-6161-4481-94F7-BF8DFB7B1466}.Debug|Any CPU.ActiveCfg = Debug|Any CPU
		{AD9D11AF-6161-4481-94F7-BF8DFB7B1466}.Debug|Any CPU.Build.0 = Debug|Any CPU
		{AD9D11AF-6161-4481-94F7-BF8DFB7B1466}.Release|Any CPU.ActiveCfg = Release|Any CPU
		{AD9D11AF-6161-4481-94F7-BF8DFB7B1466}.Release|Any CPU.Build.0 = Release|Any CPU
		{553D7DA7-6603-4DDA-8433-55385D04D041}.Debug|Any CPU.ActiveCfg = Debug|Any CPU
		{553D7DA7-6603-4DDA-8433-55385D04D041}.Debug|Any CPU.Build.0 = Debug|Any CPU
		{553D7DA7-6603-4DDA-8433-55385D04D041}.Release|Any CPU.ActiveCfg = Release|Any CPU
		{553D7DA7-6603-4DDA-8433-55385D04D041}.Release|Any CPU.Build.0 = Release|Any CPU
		{9172FF91-306F-4602-B1F3-98D13194063C}.Debug|Any CPU.ActiveCfg = Debug|Any CPU
		{9172FF91-306F-4602-B1F3-98D13194063C}.Debug|Any CPU.Build.0 = Debug|Any CPU
		{9172FF91-306F-4602-B1F3-98D13194063C}.Release|Any CPU.ActiveCfg = Release|Any CPU
		{9172FF91-306F-4602-B1F3-98D13194063C}.Release|Any CPU.Build.0 = Release|Any CPU
	EndGlobalSection
	GlobalSection(SolutionProperties) = preSolution
		HideSolutionNode = FALSE
	EndGlobalSection
	GlobalSection(NestedProjects) = preSolution
		{31C3B4A7-504B-4EFF-BACC-C8F2FFE5AF6F} = {38324B7A-EE3E-406C-8D74-5D9A4C35FBA6}
		{AD9D11AF-6161-4481-94F7-BF8DFB7B1466} = {38324B7A-EE3E-406C-8D74-5D9A4C35FBA6}
		{9172FF91-306F-4602-B1F3-98D13194063C} = {38324B7A-EE3E-406C-8D74-5D9A4C35FBA6}
	EndGlobalSection
	GlobalSection(ExtensibilityGlobals) = postSolution
		SolutionGuid = {39433921-4417-4661-AB4C-39DA63240E9D}
	EndGlobalSection
EndGlobal
